Microsoft Visual Studio Solution File, Format Version 11.00
# Visual Studio 2008

Project("{3965577E-C6C7-481B-2291-6E7D1A4F9330}") = "beforedelivery", "Assembly-CSharp.csproj", "{4DFF08C0-0266-59D8-1755-DFC5FE501CB5}"
EndProject
Global
	GlobalSection(SolutionConfigurationPlatforms) = preSolution
		Debug|Any CPU = Debug|Any CPU
		Release|Any CPU = Release|Any CPU
	EndGlobalSection
	GlobalSection(ProjectConfigurationPlatforms) = postSolution
		{4DFF08C0-0266-59D8-1755-DFC5FE501CB5}.Debug|Any CPU.ActiveCfg = Debug|Any CPU
		{4DFF08C0-0266-59D8-1755-DFC5FE501CB5}.Debug|Any CPU.Build.0 = Debug|Any CPU
		{4DFF08C0-0266-59D8-1755-DFC5FE501CB5}.Release|Any CPU.ActiveCfg = Release|Any CPU
		{4DFF08C0-0266-59D8-1755-DFC5FE501CB5}.Release|Any CPU.Build.0 = Release|Any CPU
	EndGlobalSection
	GlobalSection(SolutionProperties) = preSolution
		HideSolutionNode = FALSE
	EndGlobalSection
	GlobalSection(MonoDevelopProperties) = preSolution
		StartupItem = Assembly-CSharp.csproj
	EndGlobalSection
EndGlobal
